{
  "projects": [
    {
      "projectId": "oWwvoKuXjHMyiEVNYgMWEB",
      "version": "latest",
      "dependencies": {},
      "lang": "js",
      "fileLocks": [
        {
          "type": "globalVariant",
          "assetId": "SytZ4qjFWalC",
          "checksum": "1467b791eeda99689d0a90167c97843a"
        },
        {
          "assetId": "oWwvoKuXjHMyiEVNYgMWEB",
          "checksum": "41656a9ebdcab6aeff5129b64bf757f9",
          "type": "projectModule"
        },
        {
          "assetId": "oWwvoKuXjHMyiEVNYgMWEB",
          "checksum": "500cd8775d9f546eba42aa657f56cb7f",
          "type": "styleTokensProvider"
        },
        {
          "type": "renderModule",
          "assetId": "gsQkRCU9a6pr",
          "checksum": "c032605eb9135fcdf5874ffbc9c1e06c"
        },
        {
          "type": "cssRules",
          "assetId": "gsQkRCU9a6pr",
          "checksum": "c032605eb9135fcdf5874ffbc9c1e06c"
        },
        {
          "type": "renderModule",
          "assetId": "C9iei434bJIZ",
          "checksum": "3ee06b7953525ae0bc439b88dba44367"
        },
        {
          "type": "cssRules",
          "assetId": "C9iei434bJIZ",
          "checksum": "3ee06b7953525ae0bc439b88dba44367"
        },
        {
          "type": "renderModule",
          "assetId": "c1iYvYtk__B-",
          "checksum": "ef04bd17283655ae38a9a587d3942b9f"
        },
        {
          "type": "cssRules",
          "assetId": "c1iYvYtk__B-",
          "checksum": "ef04bd17283655ae38a9a587d3942b9f"
        },
        {
          "type": "image",
          "assetId": "KrVxRVEx9ez2",
          "checksum": "99f2f8d885e58525b193ebc10241dde1"
        },
        {
          "assetId": "oWwvoKuXjHMyiEVNYgMWEB",
          "type": "projectCss",
          "checksum": "c609bb24c324949d54fd7e7b56e107a6"
        }
      ],
      "codegenVersion": "0.0.2"
    }
  ],
  "cliVersion": "0.1.342"
}
