{
  "projects": [
    {
      "projectId": "oWwvoKuXjHMyiEVNYgMWEB",
      "version": "latest",
      "dependencies": {},
      "lang": "js",
      "fileLocks": [
        {
          "type": "globalVariant",
          "assetId": "SytZ4qjFWalC",
          "checksum": "1467b791eeda99689d0a90167c97843a"
        },
        {
          "assetId": "oWwvoKuXjHMyiEVNYgMWEB",
          "type": "projectCss",
          "checksum": "c1556c4d662cbc73db58adcfe2c7a160"
        },
        {
          "assetId": "oWwvoKuXjHMyiEVNYgMWEB",
          "checksum": "41656a9ebdcab6aeff5129b64bf757f9",
          "type": "projectModule"
        },
        {
          "assetId": "oWwvoKuXjHMyiEVNYgMWEB",
          "checksum": "500cd8775d9f546eba42aa657f56cb7f",
          "type": "styleTokensProvider"
        },
        {
          "type": "renderModule",
          "assetId": "gsQkRCU9a6pr",
          "checksum": "57c1dfa451885aedbee15ab9a3d0e3e8"
        },
        {
          "type": "cssRules",
          "assetId": "gsQkRCU9a6pr",
          "checksum": "57c1dfa451885aedbee15ab9a3d0e3e8"
        }
      ],
      "codegenVersion": "0.0.2"
    }
  ],
  "cliVersion": "0.1.342"
}
